<?xml version="1.0" encoding="utf-8"?>
<Project ToolsVersion="4.0" xmlns="http://schemas.microsoft.com/developer/msbuild/2003">
  <ItemGroup>
    <Filter Include="Source Files">
      <UniqueIdentifier>{4FC737F1-C7A5-4376-A066-2A32D752A2FF}</UniqueIdentifier>
      <Extensions>cpp;c;cxx;def;odl;idl;hpj;bat;asm;asmx</Extensions>
    </Filter>
    <Filter Include="Source Files\Space">
      <UniqueIdentifier>{8206690e-cb9e-4469-802c-2bd6e5d79cbd}</UniqueIdentifier>
    </Filter>
    <Filter Include="Source Files\Sim">
      <UniqueIdentifier>{7b967061-c96f-4b25-ba2e-784e52263f35}</UniqueIdentifier>
    </Filter>
    <Filter Include="Source Files\Sim\Vorton">
      <UniqueIdentifier>{2a76abb8-743d-4f70-bcf6-c7b86eb3d92a}</UniqueIdentifier>
    </Filter>
    <Filter Include="Source Files\Sim\RigidBody">
      <UniqueIdentifier>{d2af1b9d-344d-4398-ac9c-7595be1025b0}</UniqueIdentifier>
    </Filter>
    <Filter Include="Source Files\Sim\Particle">
      <UniqueIdentifier>{daa057dd-94b8-4f7e-ba2b-2468064b7a2a}</UniqueIdentifier>
    </Filter>
    <Filter Include="Source Files\Render">
      <UniqueIdentifier>{a5fb49cd-f30f-4413-855e-736a823f85b4}</UniqueIdentifier>
    </Filter>
    <Filter Include="Source Files\Core">
      <UniqueIdentifier>{4e84e8a2-a422-4585-ab88-845f952b0937}</UniqueIdentifier>
    </Filter>
    <Filter Include="Source Files\Core\Math">
      <UniqueIdentifier>{8b1f5d7d-20db-4209-87d7-c05e9499c8e4}</UniqueIdentifier>
    </Filter>
    <Filter Include="Source Files\Core\Performance">
      <UniqueIdentifier>{81e2af64-2a32-4216-bb12-be6eebaf2e5f}</UniqueIdentifier>
    </Filter>
  </ItemGroup>
  <ItemGroup>
    <ClCompile Include="inteSiVis.cpp">
      <Filter>Source Files</Filter>
    </ClCompile>
    <ClCompile Include="Space\nestedGridDiagnostics.cpp">
      <Filter>Source Files\Space</Filter>
    </ClCompile>
    <ClCompile Include="Space\uniformGridDiagnostics.cpp">
      <Filter>Source Files\Space</Filter>
    </ClCompile>
    <ClCompile Include="Space\uniformGridMath.cpp">
      <Filter>Source Files\Space</Filter>
    </ClCompile>
    <ClCompile Include="Sim\fluidBodySim.cpp">
      <Filter>Source Files\Sim</Filter>
    </ClCompile>
    <ClCompile Include="Sim\Vorton\vorticityDistribution.cpp">
      <Filter>Source Files\Sim\Vorton</Filter>
    </ClCompile>
    <ClCompile Include="Sim\Vorton\vortonGrid.cpp">
      <Filter>Source Files\Sim\Vorton</Filter>
    </ClCompile>
    <ClCompile Include="Sim\Vorton\vortonSim.cpp">
      <Filter>Source Files\Sim\Vorton</Filter>
    </ClCompile>
    <ClCompile Include="Sim\RigidBody\rbSphere.cpp">
      <Filter>Source Files\Sim\RigidBody</Filter>
    </ClCompile>
    <ClCompile Include="Sim\RigidBody\rigidBody.cpp">
      <Filter>Source Files\Sim\RigidBody</Filter>
    </ClCompile>
    <ClCompile Include="Sim\Particle\particle.cpp">
      <Filter>Source Files\Sim\Particle</Filter>
    </ClCompile>
    <ClCompile Include="Render\particleRenderer.cpp">
      <Filter>Source Files\Render</Filter>
    </ClCompile>
    <ClCompile Include="Render\qdCamera.cpp">
      <Filter>Source Files\Render</Filter>
    </ClCompile>
    <ClCompile Include="Render\qdImage.cpp">
      <Filter>Source Files\Render</Filter>
    </ClCompile>
    <ClCompile Include="Render\qdLight.cpp">
      <Filter>Source Files\Render</Filter>
    </ClCompile>
    <ClCompile Include="Render\qdMaterial.cpp">
      <Filter>Source Files\Render</Filter>
    </ClCompile>
    <ClCompile Include="Render\textureProc.cpp">
      <Filter>Source Files\Render</Filter>
    </ClCompile>
  </ItemGroup>
  <ItemGroup>
    <ClInclude Include="inteSiVis.h">
      <Filter>Source Files</Filter>
    </ClInclude>
    <ClInclude Include="useTbb.h">
      <Filter>Source Files</Filter>
    </ClInclude>
    <ClInclude Include="wrapperMacros.h">
      <Filter>Source Files</Filter>
    </ClInclude>
    <ClInclude Include="Space\nestedGrid.h">
      <Filter>Source Files\Space</Filter>
    </ClInclude>
    <ClInclude Include="Space\uniformGrid.h">
      <Filter>Source Files\Space</Filter>
    </ClInclude>
    <ClInclude Include="Space\uniformGridMath.h">
      <Filter>Source Files\Space</Filter>
    </ClInclude>
    <ClInclude Include="Sim\fluidBodySim.h">
      <Filter>Source Files\Sim</Filter>
    </ClInclude>
    <ClInclude Include="Sim\pclOpFluidBodyInteraction.h">
      <Filter>Source Files\Sim</Filter>
    </ClInclude>
    <ClInclude Include="Sim\Vorton\pclOpVortonSim.h">
      <Filter>Source Files\Sim\Vorton</Filter>
    </ClInclude>
    <ClInclude Include="Sim\Vorton\vorticityDistribution.h">
      <Filter>Source Files\Sim\Vorton</Filter>
    </ClInclude>
    <ClInclude Include="Sim\Vorton\vorton.h">
      <Filter>Source Files\Sim\Vorton</Filter>
    </ClInclude>
    <ClInclude Include="Sim\Vorton\vortonClusterAux.h">
      <Filter>Source Files\Sim\Vorton</Filter>
    </ClInclude>
    <ClInclude Include="Sim\Vorton\vortonGrid.h">
      <Filter>Source Files\Sim\Vorton</Filter>
    </ClInclude>
    <ClInclude Include="Sim\Vorton\vortonSim.h">
      <Filter>Source Files\Sim\Vorton</Filter>
    </ClInclude>
    <ClInclude Include="Sim\RigidBody\rbSphere.h">
      <Filter>Source Files\Sim\RigidBody</Filter>
    </ClInclude>
    <ClInclude Include="Sim\RigidBody\rigidBody.h">
      <Filter>Source Files\Sim\RigidBody</Filter>
    </ClInclude>
    <ClInclude Include="Sim\Vorton\particle.h">
      <Filter>Source Files\Sim\Particle</Filter>
    </ClInclude>
    <ClInclude Include="Sim\Particle\particleOperation.h">
      <Filter>Source Files\Sim\Particle</Filter>
    </ClInclude>
    <ClInclude Include="Sim\Particle\particleProcess.h">
      <Filter>Source Files\Sim\Particle</Filter>
    </ClInclude>
    <ClInclude Include="Sim\Particle\particleSystem.h">
      <Filter>Source Files\Sim\Particle</Filter>
    </ClInclude>
    <ClInclude Include="Sim\Particle\pclOpAdvect.h">
      <Filter>Source Files\Sim\Particle</Filter>
    </ClInclude>
    <ClInclude Include="Sim\Particle\pclOpAssignScalarFromGrid.h">
      <Filter>Source Files\Sim\Particle</Filter>
    </ClInclude>
    <ClInclude Include="Sim\Particle\pclOpEmit.h">
      <Filter>Source Files\Sim\Particle</Filter>
    </ClInclude>
    <ClInclude Include="Sim\Particle\pclOpFindBoundingBox.h">
      <Filter>Source Files\Sim\Particle</Filter>
    </ClInclude>
    <ClInclude Include="Sim\Particle\pclOpKillAge.h">
      <Filter>Source Files\Sim\Particle</Filter>
    </ClInclude>
    <ClInclude Include="Sim\Particle\pclOpWind.h">
      <Filter>Source Files\Sim\Particle</Filter>
    </ClInclude>
    <ClInclude Include="External\gl_ext.h">
      <Filter>Source Files\Render</Filter>
    </ClInclude>
    <ClInclude Include="External\glut.h">
      <Filter>Source Files\Render</Filter>
    </ClInclude>
    <ClInclude Include="Render\particleMaterial.h">
      <Filter>Source Files\Render</Filter>
    </ClInclude>
    <ClInclude Include="Render\particleRenderer.h">
      <Filter>Source Files\Render</Filter>
    </ClInclude>
    <ClInclude Include="Render\qdCamera.h">
      <Filter>Source Files\Render</Filter>
    </ClInclude>
    <ClInclude Include="Render\qdImage.h">
      <Filter>Source Files\Render</Filter>
    </ClInclude>
    <ClInclude Include="Render\qdLight.h">
      <Filter>Source Files\Render</Filter>
    </ClInclude>
    <ClInclude Include="Render\qdMaterial.h">
      <Filter>Source Files\Render</Filter>
    </ClInclude>
    <ClInclude Include="Render\textureProc.h">
      <Filter>Source Files\Render</Filter>
    </ClInclude>
    <ClInclude Include="Core\Math\mat33.h">
      <Filter>Source Files\Core\Math</Filter>
    </ClInclude>
    <ClInclude Include="Core\Math\mat4.h">
      <Filter>Source Files\Core\Math</Filter>
    </ClInclude>
    <ClInclude Include="Core\Math\math.h">
      <Filter>Source Files\Core\Math</Filter>
    </ClInclude>
    <ClInclude Include="Core\Math\vec3.h">
      <Filter>Source Files\Core\Math</Filter>
    </ClInclude>
    <ClInclude Include="Core\Math\vec4.h">
      <Filter>Source Files\Core\Math</Filter>
    </ClInclude>
    <ClInclude Include="Core\Performance\perf.h">
      <Filter>Source Files\Core\Performance</Filter>
    </ClInclude>
    <ClInclude Include="resource.h" />
  </ItemGroup>
  <ItemGroup>
    <None Include="icon1.ico" />
    <None Include="VTune\VorteGrid.vpj" />
    <None Include="READ_ME_FIRST.txt" />
  </ItemGroup>
  <ItemGroup>
    <ResourceCompile Include="VorteGrid.rc" />
  </ItemGroup>
</Project>